# This file is automatically @generated by Cargo.
# It is not intended for manual editing.
version = 4

[[package]]
name = "game-core"
version = "0.1.0"

[[package]]
name = "game-sudoku"
version = "0.1.0"
dependencies = [
 "game-core",
]

[[package]]
name = "platform-macos"
version = "0.1.0"
dependencies = [
 "game-core",
]

[[package]]
name = "renderer-terminal"
version = "0.1.0"
dependencies = [
 "game-core",
]

[[package]]
name = "sudoku-cli"
version = "0.1.0"
dependencies = [
 "game-core",
 "game-sudoku",
 "platform-macos",
 "renderer-terminal",
]
